<Solution>
  <Project Path="RelicsAdofai/RelicsAdofai.Client/RelicsAdofai.Client.csproj" Id="f4fc0ae6-69da-4a3b-a4dd-bf83eff18253" />
  <Project Path="RelicsAdofai/RelicsAdofai/RelicsAdofai.csproj" Id="ac384b39-7534-4dde-9952-ff348e0f236c" />
  <Project Path="RelicsOfAdofai/RelicsOfAdofai.csproj" Id="a548dfab-fab8-4282-ae31-b3cd0215d669" />
</Solution>
