<Solution>
  <Project Path="RelicsConsole/RelicsConsole.csproj" />
  <Project Path="RelicsOfAdofai/RelicsOfAdofai.Client/RelicsOfAdofai.Client.csproj" Id="2bf04794-aef6-49d5-8719-42c4e2d60c21" />
  <Project Path="RelicsOfAdofai/RelicsOfAdofai/RelicsOfAdofai.csproj" Id="106f0bf6-2f07-476b-a542-3e017a725ca4" />
</Solution>
